
Microsoft Visual Studio Solution File, Format Version 12.00
# Visual Studio Version 17
VisualStudioVersion = 17.5.33530.505
MinimumVisualStudioVersion = 10.0.40219.1
Project("{FAE04EC0-301F-11D3-BF4B-00C04F79EFBC}") = "Exercise_03", "Exercise_03\Exercise_03.csproj", "{B274161A-87DA-4C17-B81C-BB21EF35F852}"
EndProject
Global
	GlobalSection(SolutionConfigurationPlatforms) = preSolution
		Debug|Any CPU = Debug|Any CPU
		Release|Any CPU = Release|Any CPU
	EndGlobalSection
	GlobalSection(ProjectConfigurationPlatforms) = postSolution
		{B274161A-87DA-4C17-B81C-BB21EF35F852}.Debug|Any CPU.ActiveCfg = Debug|Any CPU
		{B274161A-87DA-4C17-B81C-BB21EF35F852}.Debug|Any CPU.Build.0 = Debug|Any CPU
		{B274161A-87DA-4C17-B81C-BB21EF35F852}.Release|Any CPU.ActiveCfg = Release|Any CPU
		{B274161A-87DA-4C17-B81C-BB21EF35F852}.Release|Any CPU.Build.0 = Release|Any CPU
	EndGlobalSection
	GlobalSection(SolutionProperties) = preSolution
		HideSolutionNode = FALSE
	EndGlobalSection
	GlobalSection(ExtensibilityGlobals) = postSolution
		SolutionGuid = {94E09E3B-7D11-485A-8709-98DBFF2A3432}
	EndGlobalSection
EndGlobal
