
Microsoft Visual Studio Solution File, Format Version 12.00
# Visual Studio Version 17
VisualStudioVersion = 17.5.33530.505
MinimumVisualStudioVersion = 10.0.40219.1
Project("{9A19103F-16F7-4668-BE54-9A1E7A4F7556}") = "Exercise_03", "Exercise_03\Exercise_03.csproj", "{B274161A-87DA-4C17-B81C-BB21EF35F852}"
EndProject
Project("{9A19103F-16F7-4668-BE54-9A1E7A4F7556}") = "Exercise_04", "Exercise_04\Exercise_04.csproj", "{AA6340F4-10D3-4F75-84D5-B5B108A977E9}"
EndProject
Project("{9A19103F-16F7-4668-BE54-9A1E7A4F7556}") = "Exercise_04_Tests", "Exercise_04_Tests\Exercise_04_Tests.csproj", "{50C8F351-B5F6-4974-B851-82317BB291D5}"
EndProject
Global
	GlobalSection(SolutionConfigurationPlatforms) = preSolution
		Debug|Any CPU = Debug|Any CPU
		Release|Any CPU = Release|Any CPU
	EndGlobalSection
	GlobalSection(ProjectConfigurationPlatforms) = postSolution
		{B274161A-87DA-4C17-B81C-BB21EF35F852}.Debug|Any CPU.ActiveCfg = Debug|Any CPU
		{B274161A-87DA-4C17-B81C-BB21EF35F852}.Debug|Any CPU.Build.0 = Debug|Any CPU
		{B274161A-87DA-4C17-B81C-BB21EF35F852}.Release|Any CPU.ActiveCfg = Release|Any CPU
		{B274161A-87DA-4C17-B81C-BB21EF35F852}.Release|Any CPU.Build.0 = Release|Any CPU
		{AA6340F4-10D3-4F75-84D5-B5B108A977E9}.Debug|Any CPU.ActiveCfg = Debug|Any CPU
		{AA6340F4-10D3-4F75-84D5-B5B108A977E9}.Debug|Any CPU.Build.0 = Debug|Any CPU
		{AA6340F4-10D3-4F75-84D5-B5B108A977E9}.Release|Any CPU.ActiveCfg = Release|Any CPU
		{AA6340F4-10D3-4F75-84D5-B5B108A977E9}.Release|Any CPU.Build.0 = Release|Any CPU
		{50C8F351-B5F6-4974-B851-82317BB291D5}.Debug|Any CPU.ActiveCfg = Debug|Any CPU
		{50C8F351-B5F6-4974-B851-82317BB291D5}.Debug|Any CPU.Build.0 = Debug|Any CPU
		{50C8F351-B5F6-4974-B851-82317BB291D5}.Release|Any CPU.ActiveCfg = Release|Any CPU
		{50C8F351-B5F6-4974-B851-82317BB291D5}.Release|Any CPU.Build.0 = Release|Any CPU
	EndGlobalSection
	GlobalSection(SolutionProperties) = preSolution
		HideSolutionNode = FALSE
	EndGlobalSection
	GlobalSection(ExtensibilityGlobals) = postSolution
		SolutionGuid = {94E09E3B-7D11-485A-8709-98DBFF2A3432}
	EndGlobalSection
EndGlobal
